// !$*UTF8*$!
{
	archiveVersion = 1;
	classes = {
	};
	objectVersion = 56;
	objects = {

/* Begin PBXBuildFile section */
		D356FB4A2B5B5FAC003ACA2D /* AppDelegate.swift in Sources */ = {isa = PBXBuildFile; fileRef = D356FB492B5B5FAC003ACA2D /* AppDelegate.swift */; };
		D356FB4C2B5B5FAC003ACA2D /* SceneDelegate.swift in Sources */ = {isa = PBXBuildFile; fileRef = D356FB4B2B5B5FAC003ACA2D /* SceneDelegate.swift */; };
		D356FB4E2B5B5FAC003ACA2D /* HomeViewController.swift in Sources */ = {isa = PBXBuildFile; fileRef = D356FB4D2B5B5FAC003ACA2D /* HomeViewController.swift */; };
		D356FB542B5B5FAC003ACA2D /* Pokemon_Team_Builder.xcdatamodeld in Sources */ = {isa = PBXBuildFile; fileRef = D356FB522B5B5FAC003ACA2D /* Pokemon_Team_Builder.xcdatamodeld */; };
		D356FB562B5B5FAD003ACA2D /* Assets.xcassets in Resources */ = {isa = PBXBuildFile; fileRef = D356FB552B5B5FAD003ACA2D /* Assets.xcassets */; };
		D356FB592B5B5FAD003ACA2D /* LaunchScreen.storyboard in Resources */ = {isa = PBXBuildFile; fileRef = D356FB572B5B5FAD003ACA2D /* LaunchScreen.storyboard */; };
		D356FB622B5B645A003ACA2D /* HomeViewModel.swift in Sources */ = {isa = PBXBuildFile; fileRef = D356FB612B5B645A003ACA2D /* HomeViewModel.swift */; };
		D356FB652B5B6814003ACA2D /* Nunito Sans in Resources */ = {isa = PBXBuildFile; fileRef = D356FB642B5B6814003ACA2D /* Nunito Sans */; };
		D36C855E2B5E448900924BE8 /* TeamsCollectionViewCell.swift in Sources */ = {isa = PBXBuildFile; fileRef = D36C855D2B5E448900924BE8 /* TeamsCollectionViewCell.swift */; };
		D36C85602B64982300924BE8 /* PokemonType.swift in Sources */ = {isa = PBXBuildFile; fileRef = D36C855F2B64982300924BE8 /* PokemonType.swift */; };
		D36C85632B64A2AA00924BE8 /* Move.swift in Sources */ = {isa = PBXBuildFile; fileRef = D36C85622B64A2AA00924BE8 /* Move.swift */; };
		D36C85652B64A59000924BE8 /* Pokemon.swift in Sources */ = {isa = PBXBuildFile; fileRef = D36C85642B64A59000924BE8 /* Pokemon.swift */; };
		D36C85672B64A6AF00924BE8 /* Team.swift in Sources */ = {isa = PBXBuildFile; fileRef = D36C85662B64A6AF00924BE8 /* Team.swift */; };
		D36C85692B68D87800924BE8 /* PokemonTeamCollectionViewCell.swift in Sources */ = {isa = PBXBuildFile; fileRef = D36C85682B68D87800924BE8 /* PokemonTeamCollectionViewCell.swift */; };
		D36C856B2B68DA4500924BE8 /* TempUtils.swift in Sources */ = {isa = PBXBuildFile; fileRef = D36C856A2B68DA4500924BE8 /* TempUtils.swift */; };
		D36C856D2B6EA5F800924BE8 /* TeamDetailsVC.swift in Sources */ = {isa = PBXBuildFile; fileRef = D36C856C2B6EA5F800924BE8 /* TeamDetailsVC.swift */; };
		D36C85712B70B93800924BE8 /* PreviewCollectionViewCell.swift in Sources */ = {isa = PBXBuildFile; fileRef = D36C85702B70B93800924BE8 /* PreviewCollectionViewCell.swift */; };
		D3AC88E12B7470DE0008686F /* TeamInfoSectionVC.swift in Sources */ = {isa = PBXBuildFile; fileRef = D3AC88E02B7470DE0008686F /* TeamInfoSectionVC.swift */; };
		D3AC88E32B7487550008686F /* TeamMembersSectionVC.swift in Sources */ = {isa = PBXBuildFile; fileRef = D3AC88E22B7487550008686F /* TeamMembersSectionVC.swift */; };
		D3AC88E52B749B850008686F /* PokemonDetailsVC.swift in Sources */ = {isa = PBXBuildFile; fileRef = D3AC88E42B749B850008686F /* PokemonDetailsVC.swift */; };
		D3AC88E72B749D210008686F /* PokemonPokedexSectionVC.swift in Sources */ = {isa = PBXBuildFile; fileRef = D3AC88E62B749D210008686F /* PokemonPokedexSectionVC.swift */; };
		D3AC88E92B74A1A80008686F /* DescriptorView.swift in Sources */ = {isa = PBXBuildFile; fileRef = D3AC88E82B74A1A80008686F /* DescriptorView.swift */; };
		D3AC88EB2B75E7C70008686F /* PokemonInfoSectionVC.swift in Sources */ = {isa = PBXBuildFile; fileRef = D3AC88EA2B75E7C70008686F /* PokemonInfoSectionVC.swift */; };
		D3AC88ED2B75E8BE0008686F /* CustomizationInputView.swift in Sources */ = {isa = PBXBuildFile; fileRef = D3AC88EC2B75E8BE0008686F /* CustomizationInputView.swift */; };
		D3AC88EF2B76B3BE0008686F /* PokemonMovesSectionVC.swift in Sources */ = {isa = PBXBuildFile; fileRef = D3AC88EE2B76B3BE0008686F /* PokemonMovesSectionVC.swift */; };
		D3AC88F12B76E8FD0008686F /* MoveDetailsVC.swift in Sources */ = {isa = PBXBuildFile; fileRef = D3AC88F02B76E8FD0008686F /* MoveDetailsVC.swift */; };
/* End PBXBuildFile section */

/* Begin PBXFileReference section */
		D356FB462B5B5FAC003ACA2D /* Pokemon Team Builder.app */ = {isa = PBXFileReference; explicitFileType = wrapper.application; includeInIndex = 0; path = "Pokemon Team Builder.app"; sourceTree = BUILT_PRODUCTS_DIR; };
		D356FB492B5B5FAC003ACA2D /* AppDelegate.swift */ = {isa = PBXFileReference; lastKnownFileType = sourcecode.swift; path = AppDelegate.swift; sourceTree = "<group>"; };
		D356FB4B2B5B5FAC003ACA2D /* SceneDelegate.swift */ = {isa = PBXFileReference; lastKnownFileType = sourcecode.swift; path = SceneDelegate.swift; sourceTree = "<group>"; };
		D356FB4D2B5B5FAC003ACA2D /* HomeViewController.swift */ = {isa = PBXFileReference; lastKnownFileType = sourcecode.swift; path = HomeViewController.swift; sourceTree = "<group>"; };
		D356FB532B5B5FAC003ACA2D /* Pokemon_Team_Builder.xcdatamodel */ = {isa = PBXFileReference; lastKnownFileType = wrapper.xcdatamodel; path = Pokemon_Team_Builder.xcdatamodel; sourceTree = "<group>"; };
		D356FB552B5B5FAD003ACA2D /* Assets.xcassets */ = {isa = PBXFileReference; lastKnownFileType = folder.assetcatalog; path = Assets.xcassets; sourceTree = "<group>"; };
		D356FB582B5B5FAD003ACA2D /* Base */ = {isa = PBXFileReference; lastKnownFileType = file.storyboard; name = Base; path = Base.lproj/LaunchScreen.storyboard; sourceTree = "<group>"; };
		D356FB5A2B5B5FAD003ACA2D /* Info.plist */ = {isa = PBXFileReference; lastKnownFileType = text.plist.xml; path = Info.plist; sourceTree = "<group>"; };
		D356FB612B5B645A003ACA2D /* HomeViewModel.swift */ = {isa = PBXFileReference; lastKnownFileType = sourcecode.swift; path = HomeViewModel.swift; sourceTree = "<group>"; };
		D356FB642B5B6814003ACA2D /* Nunito Sans */ = {isa = PBXFileReference; lastKnownFileType = folder; path = "Nunito Sans"; sourceTree = "<group>"; };
		D36C855D2B5E448900924BE8 /* TeamsCollectionViewCell.swift */ = {isa = PBXFileReference; lastKnownFileType = sourcecode.swift; path = TeamsCollectionViewCell.swift; sourceTree = "<group>"; };
		D36C855F2B64982300924BE8 /* PokemonType.swift */ = {isa = PBXFileReference; lastKnownFileType = sourcecode.swift; path = PokemonType.swift; sourceTree = "<group>"; };
		D36C85622B64A2AA00924BE8 /* Move.swift */ = {isa = PBXFileReference; lastKnownFileType = sourcecode.swift; path = Move.swift; sourceTree = "<group>"; };
		D36C85642B64A59000924BE8 /* Pokemon.swift */ = {isa = PBXFileReference; lastKnownFileType = sourcecode.swift; path = Pokemon.swift; sourceTree = "<group>"; };
		D36C85662B64A6AF00924BE8 /* Team.swift */ = {isa = PBXFileReference; lastKnownFileType = sourcecode.swift; path = Team.swift; sourceTree = "<group>"; };
		D36C85682B68D87800924BE8 /* PokemonTeamCollectionViewCell.swift */ = {isa = PBXFileReference; lastKnownFileType = sourcecode.swift; path = PokemonTeamCollectionViewCell.swift; sourceTree = "<group>"; };
		D36C856A2B68DA4500924BE8 /* TempUtils.swift */ = {isa = PBXFileReference; lastKnownFileType = sourcecode.swift; path = TempUtils.swift; sourceTree = "<group>"; };
		D36C856C2B6EA5F800924BE8 /* TeamDetailsVC.swift */ = {isa = PBXFileReference; lastKnownFileType = sourcecode.swift; path = TeamDetailsVC.swift; sourceTree = "<group>"; };
		D36C85702B70B93800924BE8 /* PreviewCollectionViewCell.swift */ = {isa = PBXFileReference; lastKnownFileType = sourcecode.swift; path = PreviewCollectionViewCell.swift; sourceTree = "<group>"; };
		D3AC88E02B7470DE0008686F /* TeamInfoSectionVC.swift */ = {isa = PBXFileReference; lastKnownFileType = sourcecode.swift; path = TeamInfoSectionVC.swift; sourceTree = "<group>"; };
		D3AC88E22B7487550008686F /* TeamMembersSectionVC.swift */ = {isa = PBXFileReference; lastKnownFileType = sourcecode.swift; path = TeamMembersSectionVC.swift; sourceTree = "<group>"; };
		D3AC88E42B749B850008686F /* PokemonDetailsVC.swift */ = {isa = PBXFileReference; lastKnownFileType = sourcecode.swift; path = PokemonDetailsVC.swift; sourceTree = "<group>"; };
		D3AC88E62B749D210008686F /* PokemonPokedexSectionVC.swift */ = {isa = PBXFileReference; lastKnownFileType = sourcecode.swift; path = PokemonPokedexSectionVC.swift; sourceTree = "<group>"; };
		D3AC88E82B74A1A80008686F /* DescriptorView.swift */ = {isa = PBXFileReference; lastKnownFileType = sourcecode.swift; path = DescriptorView.swift; sourceTree = "<group>"; };
		D3AC88EA2B75E7C70008686F /* PokemonInfoSectionVC.swift */ = {isa = PBXFileReference; lastKnownFileType = sourcecode.swift; path = PokemonInfoSectionVC.swift; sourceTree = "<group>"; };
		D3AC88EC2B75E8BE0008686F /* CustomizationInputView.swift */ = {isa = PBXFileReference; lastKnownFileType = sourcecode.swift; path = CustomizationInputView.swift; sourceTree = "<group>"; };
		D3AC88EE2B76B3BE0008686F /* PokemonMovesSectionVC.swift */ = {isa = PBXFileReference; lastKnownFileType = sourcecode.swift; path = PokemonMovesSectionVC.swift; sourceTree = "<group>"; };
		D3AC88F02B76E8FD0008686F /* MoveDetailsVC.swift */ = {isa = PBXFileReference; lastKnownFileType = sourcecode.swift; path = MoveDetailsVC.swift; sourceTree = "<group>"; };
/* End PBXFileReference section */

/* Begin PBXFrameworksBuildPhase section */
		D356FB432B5B5FAC003ACA2D /* Frameworks */ = {
			isa = PBXFrameworksBuildPhase;
			buildActionMask = 2147483647;
			files = (
			);
			runOnlyForDeploymentPostprocessing = 0;
		};
/* End PBXFrameworksBuildPhase section */

/* Begin PBXGroup section */
		D356FB3D2B5B5FAC003ACA2D = {
			isa = PBXGroup;
			children = (
				D356FB482B5B5FAC003ACA2D /* Pokemon Team Builder */,
				D356FB472B5B5FAC003ACA2D /* Products */,
			);
			sourceTree = "<group>";
		};
		D356FB472B5B5FAC003ACA2D /* Products */ = {
			isa = PBXGroup;
			children = (
				D356FB462B5B5FAC003ACA2D /* Pokemon Team Builder.app */,
			);
			name = Products;
			sourceTree = "<group>";
		};
		D356FB482B5B5FAC003ACA2D /* Pokemon Team Builder */ = {
			isa = PBXGroup;
			children = (
				D356FB642B5B6814003ACA2D /* Nunito Sans */,
				D356FB492B5B5FAC003ACA2D /* AppDelegate.swift */,
				D356FB4B2B5B5FAC003ACA2D /* SceneDelegate.swift */,
				D36C856A2B68DA4500924BE8 /* TempUtils.swift */,
				D36C855C2B5BD66000924BE8 /* Views */,
				D356FB632B5B645F003ACA2D /* ViewModels */,
				D356FB602B5B63F2003ACA2D /* Controllers */,
				D356FB552B5B5FAD003ACA2D /* Assets.xcassets */,
				D36C85612B64A14300924BE8 /* Models */,
				D356FB572B5B5FAD003ACA2D /* LaunchScreen.storyboard */,
				D356FB5A2B5B5FAD003ACA2D /* Info.plist */,
				D356FB522B5B5FAC003ACA2D /* Pokemon_Team_Builder.xcdatamodeld */,
			);
			path = "Pokemon Team Builder";
			sourceTree = "<group>";
		};
		D356FB602B5B63F2003ACA2D /* Controllers */ = {
			isa = PBXGroup;
			children = (
				D356FB4D2B5B5FAC003ACA2D /* HomeViewController.swift */,
				D3AC88F22B7957AD0008686F /* TeamDetails */,
				D3AC88F32B7957DF0008686F /* PokemonDetails */,
				D3AC88F42B7957F00008686F /* MoveDetails */,
			);
			path = Controllers;
			sourceTree = "<group>";
		};
		D356FB632B5B645F003ACA2D /* ViewModels */ = {
			isa = PBXGroup;
			children = (
				D356FB612B5B645A003ACA2D /* HomeViewModel.swift */,
			);
			path = ViewModels;
			sourceTree = "<group>";
		};
		D36C855C2B5BD66000924BE8 /* Views */ = {
			isa = PBXGroup;
			children = (
				D36C855D2B5E448900924BE8 /* TeamsCollectionViewCell.swift */,
				D36C85682B68D87800924BE8 /* PokemonTeamCollectionViewCell.swift */,
				D36C85702B70B93800924BE8 /* PreviewCollectionViewCell.swift */,
				D3AC88E82B74A1A80008686F /* DescriptorView.swift */,
				D3AC88EC2B75E8BE0008686F /* CustomizationInputView.swift */,
			);
			path = Views;
			sourceTree = "<group>";
		};
		D36C85612B64A14300924BE8 /* Models */ = {
			isa = PBXGroup;
			children = (
				D36C855F2B64982300924BE8 /* PokemonType.swift */,
				D36C85622B64A2AA00924BE8 /* Move.swift */,
				D36C85642B64A59000924BE8 /* Pokemon.swift */,
				D36C85662B64A6AF00924BE8 /* Team.swift */,
			);
			path = Models;
			sourceTree = "<group>";
		};
		D3AC88F22B7957AD0008686F /* TeamDetails */ = {
			isa = PBXGroup;
			children = (
				D36C856C2B6EA5F800924BE8 /* TeamDetailsVC.swift */,
				D3AC88E02B7470DE0008686F /* TeamInfoSectionVC.swift */,
				D3AC88E22B7487550008686F /* TeamMembersSectionVC.swift */,
			);
			path = TeamDetails;
			sourceTree = "<group>";
		};
		D3AC88F32B7957DF0008686F /* PokemonDetails */ = {
			isa = PBXGroup;
			children = (
				D3AC88E42B749B850008686F /* PokemonDetailsVC.swift */,
				D3AC88EA2B75E7C70008686F /* PokemonInfoSectionVC.swift */,
				D3AC88E62B749D210008686F /* PokemonPokedexSectionVC.swift */,
				D3AC88EE2B76B3BE0008686F /* PokemonMovesSectionVC.swift */,
			);
			path = PokemonDetails;
			sourceTree = "<group>";
		};
		D3AC88F42B7957F00008686F /* MoveDetails */ = {
			isa = PBXGroup;
			children = (
				D3AC88F02B76E8FD0008686F /* MoveDetailsVC.swift */,
			);
			path = MoveDetails;
			sourceTree = "<group>";
		};
/* End PBXGroup section */

/* Begin PBXNativeTarget section */
		D356FB452B5B5FAC003ACA2D /* Pokemon Team Builder */ = {
			isa = PBXNativeTarget;
			buildConfigurationList = D356FB5D2B5B5FAD003ACA2D /* Build configuration list for PBXNativeTarget "Pokemon Team Builder" */;
			buildPhases = (
				D356FB422B5B5FAC003ACA2D /* Sources */,
				D356FB432B5B5FAC003ACA2D /* Frameworks */,
				D356FB442B5B5FAC003ACA2D /* Resources */,
			);
			buildRules = (
			);
			dependencies = (
			);
			name = "Pokemon Team Builder";
			productName = "Pokemon Team Builder";
			productReference = D356FB462B5B5FAC003ACA2D /* Pokemon Team Builder.app */;
			productType = "com.apple.product-type.application";
		};
/* End PBXNativeTarget section */

/* Begin PBXProject section */
		D356FB3E2B5B5FAC003ACA2D /* Project object */ = {
			isa = PBXProject;
			attributes = {
				BuildIndependentTargetsInParallel = 1;
				LastSwiftUpdateCheck = 1520;
				LastUpgradeCheck = 1520;
				TargetAttributes = {
					D356FB452B5B5FAC003ACA2D = {
						CreatedOnToolsVersion = 15.2;
					};
				};
			};
			buildConfigurationList = D356FB412B5B5FAC003ACA2D /* Build configuration list for PBXProject "Pokemon Team Builder" */;
			compatibilityVersion = "Xcode 14.0";
			developmentRegion = en;
			hasScannedForEncodings = 0;
			knownRegions = (
				en,
				Base,
			);
			mainGroup = D356FB3D2B5B5FAC003ACA2D;
			productRefGroup = D356FB472B5B5FAC003ACA2D /* Products */;
			projectDirPath = "";
			projectRoot = "";
			targets = (
				D356FB452B5B5FAC003ACA2D /* Pokemon Team Builder */,
			);
		};
/* End PBXProject section */

/* Begin PBXResourcesBuildPhase section */
		D356FB442B5B5FAC003ACA2D /* Resources */ = {
			isa = PBXResourcesBuildPhase;
			buildActionMask = 2147483647;
			files = (
				D356FB652B5B6814003ACA2D /* Nunito Sans in Resources */,
				D356FB592B5B5FAD003ACA2D /* LaunchScreen.storyboard in Resources */,
				D356FB562B5B5FAD003ACA2D /* Assets.xcassets in Resources */,
			);
			runOnlyForDeploymentPostprocessing = 0;
		};
/* End PBXResourcesBuildPhase section */

/* Begin PBXSourcesBuildPhase section */
		D356FB422B5B5FAC003ACA2D /* Sources */ = {
			isa = PBXSourcesBuildPhase;
			buildActionMask = 2147483647;
			files = (
				D36C85692B68D87800924BE8 /* PokemonTeamCollectionViewCell.swift in Sources */,
				D356FB4E2B5B5FAC003ACA2D /* HomeViewController.swift in Sources */,
				D3AC88ED2B75E8BE0008686F /* CustomizationInputView.swift in Sources */,
				D36C856D2B6EA5F800924BE8 /* TeamDetailsVC.swift in Sources */,
				D356FB622B5B645A003ACA2D /* HomeViewModel.swift in Sources */,
				D356FB4A2B5B5FAC003ACA2D /* AppDelegate.swift in Sources */,
				D3AC88E52B749B850008686F /* PokemonDetailsVC.swift in Sources */,
				D36C855E2B5E448900924BE8 /* TeamsCollectionViewCell.swift in Sources */,
				D36C856B2B68DA4500924BE8 /* TempUtils.swift in Sources */,
				D36C85712B70B93800924BE8 /* PreviewCollectionViewCell.swift in Sources */,
				D36C85632B64A2AA00924BE8 /* Move.swift in Sources */,
				D3AC88E72B749D210008686F /* PokemonPokedexSectionVC.swift in Sources */,
				D36C85652B64A59000924BE8 /* Pokemon.swift in Sources */,
				D356FB542B5B5FAC003ACA2D /* Pokemon_Team_Builder.xcdatamodeld in Sources */,
				D3AC88E32B7487550008686F /* TeamMembersSectionVC.swift in Sources */,
				D3AC88EB2B75E7C70008686F /* PokemonInfoSectionVC.swift in Sources */,
				D3AC88E12B7470DE0008686F /* TeamInfoSectionVC.swift in Sources */,
				D356FB4C2B5B5FAC003ACA2D /* SceneDelegate.swift in Sources */,
				D3AC88E92B74A1A80008686F /* DescriptorView.swift in Sources */,
				D36C85672B64A6AF00924BE8 /* Team.swift in Sources */,
				D3AC88F12B76E8FD0008686F /* MoveDetailsVC.swift in Sources */,
				D3AC88EF2B76B3BE0008686F /* PokemonMovesSectionVC.swift in Sources */,
				D36C85602B64982300924BE8 /* PokemonType.swift in Sources */,
			);
			runOnlyForDeploymentPostprocessing = 0;
		};
/* End PBXSourcesBuildPhase section */

/* Begin PBXVariantGroup section */
		D356FB572B5B5FAD003ACA2D /* LaunchScreen.storyboard */ = {
			isa = PBXVariantGroup;
			children = (
				D356FB582B5B5FAD003ACA2D /* Base */,
			);
			name = LaunchScreen.storyboard;
			sourceTree = "<group>";
		};
/* End PBXVariantGroup section */

/* Begin XCBuildConfiguration section */
		D356FB5B2B5B5FAD003ACA2D /* Debug */ = {
			isa = XCBuildConfiguration;
			buildSettings = {
				ALWAYS_SEARCH_USER_PATHS = NO;
				ASSETCATALOG_COMPILER_GENERATE_SWIFT_ASSET_SYMBOL_EXTENSIONS = YES;
				CLANG_ANALYZER_NONNULL = YES;
				CLANG_ANALYZER_NUMBER_OBJECT_CONVERSION = YES_AGGRESSIVE;
				CLANG_CXX_LANGUAGE_STANDARD = "gnu++20";
				CLANG_ENABLE_MODULES = YES;
				CLANG_ENABLE_OBJC_ARC = YES;
				CLANG_ENABLE_OBJC_WEAK = YES;
				CLANG_WARN_BLOCK_CAPTURE_AUTORELEASING = YES;
				CLANG_WARN_BOOL_CONVERSION = YES;
				CLANG_WARN_COMMA = YES;
				CLANG_WARN_CONSTANT_CONVERSION = YES;
				CLANG_WARN_DEPRECATED_OBJC_IMPLEMENTATIONS = YES;
				CLANG_WARN_DIRECT_OBJC_ISA_USAGE = YES_ERROR;
				CLANG_WARN_DOCUMENTATION_COMMENTS = YES;
				CLANG_WARN_EMPTY_BODY = YES;
				CLANG_WARN_ENUM_CONVERSION = YES;
				CLANG_WARN_INFINITE_RECURSION = YES;
				CLANG_WARN_INT_CONVERSION = YES;
				CLANG_WARN_NON_LITERAL_NULL_CONVERSION = YES;
				CLANG_WARN_OBJC_IMPLICIT_RETAIN_SELF = YES;
				CLANG_WARN_OBJC_LITERAL_CONVERSION = YES;
				CLANG_WARN_OBJC_ROOT_CLASS = YES_ERROR;
				CLANG_WARN_QUOTED_INCLUDE_IN_FRAMEWORK_HEADER = YES;
				CLANG_WARN_RANGE_LOOP_ANALYSIS = YES;
				CLANG_WARN_STRICT_PROTOTYPES = YES;
				CLANG_WARN_SUSPICIOUS_MOVE = YES;
				CLANG_WARN_UNGUARDED_AVAILABILITY = YES_AGGRESSIVE;
				CLANG_WARN_UNREACHABLE_CODE = YES;
				CLANG_WARN__DUPLICATE_METHOD_MATCH = YES;
				COPY_PHASE_STRIP = NO;
				DEBUG_INFORMATION_FORMAT = dwarf;
				ENABLE_STRICT_OBJC_MSGSEND = YES;
				ENABLE_TESTABILITY = YES;
				ENABLE_USER_SCRIPT_SANDBOXING = YES;
				GCC_C_LANGUAGE_STANDARD = gnu17;
				GCC_DYNAMIC_NO_PIC = NO;
				GCC_NO_COMMON_BLOCKS = YES;
				GCC_OPTIMIZATION_LEVEL = 0;
				GCC_PREPROCESSOR_DEFINITIONS = (
					"DEBUG=1",
					"$(inherited)",
				);
				GCC_WARN_64_TO_32_BIT_CONVERSION = YES;
				GCC_WARN_ABOUT_RETURN_TYPE = YES_ERROR;
				GCC_WARN_UNDECLARED_SELECTOR = YES;
				GCC_WARN_UNINITIALIZED_AUTOS = YES_AGGRESSIVE;
				GCC_WARN_UNUSED_FUNCTION = YES;
				GCC_WARN_UNUSED_VARIABLE = YES;
				IPHONEOS_DEPLOYMENT_TARGET = 17.2;
				LOCALIZATION_PREFERS_STRING_CATALOGS = YES;
				MTL_ENABLE_DEBUG_INFO = INCLUDE_SOURCE;
				MTL_FAST_MATH = YES;
				ONLY_ACTIVE_ARCH = YES;
				SDKROOT = iphoneos;
				SWIFT_ACTIVE_COMPILATION_CONDITIONS = "DEBUG $(inherited)";
				SWIFT_OPTIMIZATION_LEVEL = "-Onone";
			};
			name = Debug;
		};
		D356FB5C2B5B5FAD003ACA2D /* Release */ = {
			isa = XCBuildConfiguration;
			buildSettings = {
				ALWAYS_SEARCH_USER_PATHS = NO;
				ASSETCATALOG_COMPILER_GENERATE_SWIFT_ASSET_SYMBOL_EXTENSIONS = YES;
				CLANG_ANALYZER_NONNULL = YES;
				CLANG_ANALYZER_NUMBER_OBJECT_CONVERSION = YES_AGGRESSIVE;
				CLANG_CXX_LANGUAGE_STANDARD = "gnu++20";
				CLANG_ENABLE_MODULES = YES;
				CLANG_ENABLE_OBJC_ARC = YES;
				CLANG_ENABLE_OBJC_WEAK = YES;
				CLANG_WARN_BLOCK_CAPTURE_AUTORELEASING = YES;
				CLANG_WARN_BOOL_CONVERSION = YES;
				CLANG_WARN_COMMA = YES;
				CLANG_WARN_CONSTANT_CONVERSION = YES;
				CLANG_WARN_DEPRECATED_OBJC_IMPLEMENTATIONS = YES;
				CLANG_WARN_DIRECT_OBJC_ISA_USAGE = YES_ERROR;
				CLANG_WARN_DOCUMENTATION_COMMENTS = YES;
				CLANG_WARN_EMPTY_BODY = YES;
				CLANG_WARN_ENUM_CONVERSION = YES;
				CLANG_WARN_INFINITE_RECURSION = YES;
				CLANG_WARN_INT_CONVERSION = YES;
				CLANG_WARN_NON_LITERAL_NULL_CONVERSION = YES;
				CLANG_WARN_OBJC_IMPLICIT_RETAIN_SELF = YES;
				CLANG_WARN_OBJC_LITERAL_CONVERSION = YES;
				CLANG_WARN_OBJC_ROOT_CLASS = YES_ERROR;
				CLANG_WARN_QUOTED_INCLUDE_IN_FRAMEWORK_HEADER = YES;
				CLANG_WARN_RANGE_LOOP_ANALYSIS = YES;
				CLANG_WARN_STRICT_PROTOTYPES = YES;
				CLANG_WARN_SUSPICIOUS_MOVE = YES;
				CLANG_WARN_UNGUARDED_AVAILABILITY = YES_AGGRESSIVE;
				CLANG_WARN_UNREACHABLE_CODE = YES;
				CLANG_WARN__DUPLICATE_METHOD_MATCH = YES;
				COPY_PHASE_STRIP = NO;
				DEBUG_INFORMATION_FORMAT = "dwarf-with-dsym";
				ENABLE_NS_ASSERTIONS = NO;
				ENABLE_STRICT_OBJC_MSGSEND = YES;
				ENABLE_USER_SCRIPT_SANDBOXING = YES;
				GCC_C_LANGUAGE_STANDARD = gnu17;
				GCC_NO_COMMON_BLOCKS = YES;
				GCC_WARN_64_TO_32_BIT_CONVERSION = YES;
				GCC_WARN_ABOUT_RETURN_TYPE = YES_ERROR;
				GCC_WARN_UNDECLARED_SELECTOR = YES;
				GCC_WARN_UNINITIALIZED_AUTOS = YES_AGGRESSIVE;
				GCC_WARN_UNUSED_FUNCTION = YES;
				GCC_WARN_UNUSED_VARIABLE = YES;
				IPHONEOS_DEPLOYMENT_TARGET = 17.2;
				LOCALIZATION_PREFERS_STRING_CATALOGS = YES;
				MTL_ENABLE_DEBUG_INFO = NO;
				MTL_FAST_MATH = YES;
				SDKROOT = iphoneos;
				SWIFT_COMPILATION_MODE = wholemodule;
				VALIDATE_PRODUCT = YES;
			};
			name = Release;
		};
		D356FB5E2B5B5FAD003ACA2D /* Debug */ = {
			isa = XCBuildConfiguration;
			buildSettings = {
				ASSETCATALOG_COMPILER_APPICON_NAME = AppIcon;
				ASSETCATALOG_COMPILER_GLOBAL_ACCENT_COLOR_NAME = AccentColor;
				CODE_SIGN_STYLE = Automatic;
				CURRENT_PROJECT_VERSION = 1;
				DEVELOPMENT_TEAM = CTTC746J2F;
				GENERATE_INFOPLIST_FILE = YES;
				INFOPLIST_FILE = "Pokemon Team Builder/Info.plist";
				INFOPLIST_KEY_UIApplicationSupportsIndirectInputEvents = YES;
				INFOPLIST_KEY_UILaunchStoryboardName = LaunchScreen;
				INFOPLIST_KEY_UISupportedInterfaceOrientations_iPad = "UIInterfaceOrientationPortrait UIInterfaceOrientationPortraitUpsideDown UIInterfaceOrientationLandscapeLeft UIInterfaceOrientationLandscapeRight";
				INFOPLIST_KEY_UISupportedInterfaceOrientations_iPhone = "UIInterfaceOrientationPortrait UIInterfaceOrientationLandscapeLeft UIInterfaceOrientationLandscapeRight";
				LD_RUNPATH_SEARCH_PATHS = (
					"$(inherited)",
					"@executable_path/Frameworks",
				);
				MARKETING_VERSION = 1.0;
				PRODUCT_BUNDLE_IDENTIFIER = "com.ccforbes.Pokemon-Team-Builder";
				PRODUCT_NAME = "$(TARGET_NAME)";
				SWIFT_EMIT_LOC_STRINGS = YES;
				SWIFT_VERSION = 5.0;
				TARGETED_DEVICE_FAMILY = "1,2";
			};
			name = Debug;
		};
		D356FB5F2B5B5FAD003ACA2D /* Release */ = {
			isa = XCBuildConfiguration;
			buildSettings = {
				ASSETCATALOG_COMPILER_APPICON_NAME = AppIcon;
				ASSETCATALOG_COMPILER_GLOBAL_ACCENT_COLOR_NAME = AccentColor;
				CODE_SIGN_STYLE = Automatic;
				CURRENT_PROJECT_VERSION = 1;
				DEVELOPMENT_TEAM = CTTC746J2F;
				GENERATE_INFOPLIST_FILE = YES;
				INFOPLIST_FILE = "Pokemon Team Builder/Info.plist";
				INFOPLIST_KEY_UIApplicationSupportsIndirectInputEvents = YES;
				INFOPLIST_KEY_UILaunchStoryboardName = LaunchScreen;
				INFOPLIST_KEY_UISupportedInterfaceOrientations_iPad = "UIInterfaceOrientationPortrait UIInterfaceOrientationPortraitUpsideDown UIInterfaceOrientationLandscapeLeft UIInterfaceOrientationLandscapeRight";
				INFOPLIST_KEY_UISupportedInterfaceOrientations_iPhone = "UIInterfaceOrientationPortrait UIInterfaceOrientationLandscapeLeft UIInterfaceOrientationLandscapeRight";
				LD_RUNPATH_SEARCH_PATHS = (
					"$(inherited)",
					"@executable_path/Frameworks",
				);
				MARKETING_VERSION = 1.0;
				PRODUCT_BUNDLE_IDENTIFIER = "com.ccforbes.Pokemon-Team-Builder";
				PRODUCT_NAME = "$(TARGET_NAME)";
				SWIFT_EMIT_LOC_STRINGS = YES;
				SWIFT_VERSION = 5.0;
				TARGETED_DEVICE_FAMILY = "1,2";
			};
			name = Release;
		};
/* End XCBuildConfiguration section */

/* Begin XCConfigurationList section */
		D356FB412B5B5FAC003ACA2D /* Build configuration list for PBXProject "Pokemon Team Builder" */ = {
			isa = XCConfigurationList;
			buildConfigurations = (
				D356FB5B2B5B5FAD003ACA2D /* Debug */,
				D356FB5C2B5B5FAD003ACA2D /* Release */,
			);
			defaultConfigurationIsVisible = 0;
			defaultConfigurationName = Release;
		};
		D356FB5D2B5B5FAD003ACA2D /* Build configuration list for PBXNativeTarget "Pokemon Team Builder" */ = {
			isa = XCConfigurationList;
			buildConfigurations = (
				D356FB5E2B5B5FAD003ACA2D /* Debug */,
				D356FB5F2B5B5FAD003ACA2D /* Release */,
			);
			defaultConfigurationIsVisible = 0;
			defaultConfigurationName = Release;
		};
/* End XCConfigurationList section */

/* Begin XCVersionGroup section */
		D356FB522B5B5FAC003ACA2D /* Pokemon_Team_Builder.xcdatamodeld */ = {
			isa = XCVersionGroup;
			children = (
				D356FB532B5B5FAC003ACA2D /* Pokemon_Team_Builder.xcdatamodel */,
			);
			currentVersion = D356FB532B5B5FAC003ACA2D /* Pokemon_Team_Builder.xcdatamodel */;
			path = Pokemon_Team_Builder.xcdatamodeld;
			sourceTree = "<group>";
			versionGroupType = wrapper.xcdatamodel;
		};
/* End XCVersionGroup section */
	};
	rootObject = D356FB3E2B5B5FAC003ACA2D /* Project object */;
}
